
Microsoft Visual Studio Solution File, Format Version 12.00
# Visual Studio Version 17
VisualStudioVersion = 17.13.35818.85 d17.13
MinimumVisualStudioVersion = 10.0.40219.1
Project("{FAE04EC0-301F-11D3-BF4B-00C04F79EFBC}") = "CMCS_ST10445830", "CMCS_ST10445830.csproj", "{BCCD498B-C0B3-455E-93D4-53D01C53DA57}"
EndProject
Global
	GlobalSection(SolutionConfigurationPlatforms) = preSolution
		Debug|Any CPU = Debug|Any CPU
		Release|Any CPU = Release|Any CPU
	EndGlobalSection
	GlobalSection(ProjectConfigurationPlatforms) = postSolution
		{BCCD498B-C0B3-455E-93D4-53D01C53DA57}.Debug|Any CPU.ActiveCfg = Debug|Any CPU
		{BCCD498B-C0B3-455E-93D4-53D01C53DA57}.Debug|Any CPU.Build.0 = Debug|Any CPU
		{BCCD498B-C0B3-455E-93D4-53D01C53DA57}.Release|Any CPU.ActiveCfg = Release|Any CPU
		{BCCD498B-C0B3-455E-93D4-53D01C53DA57}.Release|Any CPU.Build.0 = Release|Any CPU
	EndGlobalSection
	GlobalSection(SolutionProperties) = preSolution
		HideSolutionNode = FALSE
	EndGlobalSection
	GlobalSection(ExtensibilityGlobals) = postSolution
		SolutionGuid = {D2D5FC61-A92A-410A-8288-96282835A409}
	EndGlobalSection
EndGlobal
